// !$*UTF8*$!
{
	archiveVersion = 1;
	classes = {
	};
	objectVersion = 56;
	objects = {

/* Begin PBXBuildFile section */
		C9B4161B29AB696600879A4B /* MyKinoApp.swift in Sources */ = {isa = PBXBuildFile; fileRef = C9B4161A29AB696600879A4B /* MyKinoApp.swift */; };
		C9B4161D29AB696600879A4B /* ContentView.swift in Sources */ = {isa = PBXBuildFile; fileRef = C9B4161C29AB696600879A4B /* ContentView.swift */; };
		C9B4161F29AB696700879A4B /* Assets.xcassets in Resources */ = {isa = PBXBuildFile; fileRef = C9B4161E29AB696700879A4B /* Assets.xcassets */; };
		C9B4162229AB696700879A4B /* Preview Assets.xcassets in Resources */ = {isa = PBXBuildFile; fileRef = C9B4162129AB696700879A4B /* Preview Assets.xcassets */; };
		C9B4162C29AB696800879A4B /* MyKinoTests.swift in Sources */ = {isa = PBXBuildFile; fileRef = C9B4162B29AB696800879A4B /* MyKinoTests.swift */; };
		C9B4163629AB696800879A4B /* MyKinoUITests.swift in Sources */ = {isa = PBXBuildFile; fileRef = C9B4163529AB696800879A4B /* MyKinoUITests.swift */; };
		C9B4163829AB696800879A4B /* MyKinoUITestsLaunchTests.swift in Sources */ = {isa = PBXBuildFile; fileRef = C9B4163729AB696800879A4B /* MyKinoUITestsLaunchTests.swift */; };
		C9B4164529AB779700879A4B /* MoviesViewModel.swift in Sources */ = {isa = PBXBuildFile; fileRef = C9B4164429AB779700879A4B /* MoviesViewModel.swift */; };
		C9B4164829AB77D500879A4B /* Movie.swift in Sources */ = {isa = PBXBuildFile; fileRef = C9B4164729AB77D500879A4B /* Movie.swift */; };
		C9B4164B29ABCB0200879A4B /* MovieView.swift in Sources */ = {isa = PBXBuildFile; fileRef = C9B4164A29ABCB0200879A4B /* MovieView.swift */; };
/* End PBXBuildFile section */

/* Begin PBXContainerItemProxy section */
		C9B4162829AB696800879A4B /* PBXContainerItemProxy */ = {
			isa = PBXContainerItemProxy;
			containerPortal = C9B4160F29AB696600879A4B /* Project object */;
			proxyType = 1;
			remoteGlobalIDString = C9B4161629AB696600879A4B;
			remoteInfo = MyKino;
		};
		C9B4163229AB696800879A4B /* PBXContainerItemProxy */ = {
			isa = PBXContainerItemProxy;
			containerPortal = C9B4160F29AB696600879A4B /* Project object */;
			proxyType = 1;
			remoteGlobalIDString = C9B4161629AB696600879A4B;
			remoteInfo = MyKino;
		};
/* End PBXContainerItemProxy section */

/* Begin PBXFileReference section */
		C9B4161729AB696600879A4B /* MyKino.app */ = {isa = PBXFileReference; explicitFileType = wrapper.application; includeInIndex = 0; path = MyKino.app; sourceTree = BUILT_PRODUCTS_DIR; };
		C9B4161A29AB696600879A4B /* MyKinoApp.swift */ = {isa = PBXFileReference; lastKnownFileType = sourcecode.swift; path = MyKinoApp.swift; sourceTree = "<group>"; };
		C9B4161C29AB696600879A4B /* ContentView.swift */ = {isa = PBXFileReference; lastKnownFileType = sourcecode.swift; path = ContentView.swift; sourceTree = "<group>"; };
		C9B4161E29AB696700879A4B /* Assets.xcassets */ = {isa = PBXFileReference; lastKnownFileType = folder.assetcatalog; path = Assets.xcassets; sourceTree = "<group>"; };
		C9B4162129AB696700879A4B /* Preview Assets.xcassets */ = {isa = PBXFileReference; lastKnownFileType = folder.assetcatalog; path = "Preview Assets.xcassets"; sourceTree = "<group>"; };
		C9B4162729AB696800879A4B /* MyKinoTests.xctest */ = {isa = PBXFileReference; explicitFileType = wrapper.cfbundle; includeInIndex = 0; path = MyKinoTests.xctest; sourceTree = BUILT_PRODUCTS_DIR; };
		C9B4162B29AB696800879A4B /* MyKinoTests.swift */ = {isa = PBXFileReference; lastKnownFileType = sourcecode.swift; path = MyKinoTests.swift; sourceTree = "<group>"; };
		C9B4163129AB696800879A4B /* MyKinoUITests.xctest */ = {isa = PBXFileReference; explicitFileType = wrapper.cfbundle; includeInIndex = 0; path = MyKinoUITests.xctest; sourceTree = BUILT_PRODUCTS_DIR; };
		C9B4163529AB696800879A4B /* MyKinoUITests.swift */ = {isa = PBXFileReference; lastKnownFileType = sourcecode.swift; path = MyKinoUITests.swift; sourceTree = "<group>"; };
		C9B4163729AB696800879A4B /* MyKinoUITestsLaunchTests.swift */ = {isa = PBXFileReference; lastKnownFileType = sourcecode.swift; path = MyKinoUITestsLaunchTests.swift; sourceTree = "<group>"; };
		C9B4164429AB779700879A4B /* MoviesViewModel.swift */ = {isa = PBXFileReference; lastKnownFileType = sourcecode.swift; path = MoviesViewModel.swift; sourceTree = "<group>"; };
		C9B4164729AB77D500879A4B /* Movie.swift */ = {isa = PBXFileReference; lastKnownFileType = sourcecode.swift; path = Movie.swift; sourceTree = "<group>"; };
		C9B4164A29ABCB0200879A4B /* MovieView.swift */ = {isa = PBXFileReference; lastKnownFileType = sourcecode.swift; path = MovieView.swift; sourceTree = "<group>"; };
/* End PBXFileReference section */

/* Begin PBXFrameworksBuildPhase section */
		C9B4161429AB696600879A4B /* Frameworks */ = {
			isa = PBXFrameworksBuildPhase;
			buildActionMask = 2147483647;
			files = (
			);
			runOnlyForDeploymentPostprocessing = 0;
		};
		C9B4162429AB696800879A4B /* Frameworks */ = {
			isa = PBXFrameworksBuildPhase;
			buildActionMask = 2147483647;
			files = (
			);
			runOnlyForDeploymentPostprocessing = 0;
		};
		C9B4162E29AB696800879A4B /* Frameworks */ = {
			isa = PBXFrameworksBuildPhase;
			buildActionMask = 2147483647;
			files = (
			);
			runOnlyForDeploymentPostprocessing = 0;
		};
/* End PBXFrameworksBuildPhase section */

/* Begin PBXGroup section */
		C9B4160E29AB696600879A4B = {
			isa = PBXGroup;
			children = (
				C9B4161929AB696600879A4B /* MyKino */,
				C9B4162A29AB696800879A4B /* MyKinoTests */,
				C9B4163429AB696800879A4B /* MyKinoUITests */,
				C9B4161829AB696600879A4B /* Products */,
			);
			sourceTree = "<group>";
		};
		C9B4161829AB696600879A4B /* Products */ = {
			isa = PBXGroup;
			children = (
				C9B4161729AB696600879A4B /* MyKino.app */,
				C9B4162729AB696800879A4B /* MyKinoTests.xctest */,
				C9B4163129AB696800879A4B /* MyKinoUITests.xctest */,
			);
			name = Products;
			sourceTree = "<group>";
		};
		C9B4161929AB696600879A4B /* MyKino */ = {
			isa = PBXGroup;
			children = (
				C9B4164929ABCAF600879A4B /* Views */,
				C9B4164629AB77CC00879A4B /* Model */,
				C9B4161A29AB696600879A4B /* MyKinoApp.swift */,
				C9B4161C29AB696600879A4B /* ContentView.swift */,
				C9B4161E29AB696700879A4B /* Assets.xcassets */,
				C9B4162029AB696700879A4B /* Preview Content */,
				C9B4164429AB779700879A4B /* MoviesViewModel.swift */,
			);
			path = MyKino;
			sourceTree = "<group>";
		};
		C9B4162029AB696700879A4B /* Preview Content */ = {
			isa = PBXGroup;
			children = (
				C9B4162129AB696700879A4B /* Preview Assets.xcassets */,
			);
			path = "Preview Content";
			sourceTree = "<group>";
		};
		C9B4162A29AB696800879A4B /* MyKinoTests */ = {
			isa = PBXGroup;
			children = (
				C9B4162B29AB696800879A4B /* MyKinoTests.swift */,
			);
			path = MyKinoTests;
			sourceTree = "<group>";
		};
		C9B4163429AB696800879A4B /* MyKinoUITests */ = {
			isa = PBXGroup;
			children = (
				C9B4163529AB696800879A4B /* MyKinoUITests.swift */,
				C9B4163729AB696800879A4B /* MyKinoUITestsLaunchTests.swift */,
			);
			path = MyKinoUITests;
			sourceTree = "<group>";
		};
		C9B4164629AB77CC00879A4B /* Model */ = {
			isa = PBXGroup;
			children = (
				C9B4164729AB77D500879A4B /* Movie.swift */,
			);
			path = Model;
			sourceTree = "<group>";
		};
		C9B4164929ABCAF600879A4B /* Views */ = {
			isa = PBXGroup;
			children = (
				C9B4164A29ABCB0200879A4B /* MovieView.swift */,
			);
			path = Views;
			sourceTree = "<group>";
		};
/* End PBXGroup section */

/* Begin PBXNativeTarget section */
		C9B4161629AB696600879A4B /* MyKino */ = {
			isa = PBXNativeTarget;
			buildConfigurationList = C9B4163B29AB696800879A4B /* Build configuration list for PBXNativeTarget "MyKino" */;
			buildPhases = (
				C9B4161329AB696600879A4B /* Sources */,
				C9B4161429AB696600879A4B /* Frameworks */,
				C9B4161529AB696600879A4B /* Resources */,
				C963657F29AC085F009ECD8B /* ShellScript */,
			);
			buildRules = (
			);
			dependencies = (
			);
			name = MyKino;
			productName = MyKino;
			productReference = C9B4161729AB696600879A4B /* MyKino.app */;
			productType = "com.apple.product-type.application";
		};
		C9B4162629AB696800879A4B /* MyKinoTests */ = {
			isa = PBXNativeTarget;
			buildConfigurationList = C9B4163E29AB696800879A4B /* Build configuration list for PBXNativeTarget "MyKinoTests" */;
			buildPhases = (
				C9B4162329AB696800879A4B /* Sources */,
				C9B4162429AB696800879A4B /* Frameworks */,
				C9B4162529AB696800879A4B /* Resources */,
			);
			buildRules = (
			);
			dependencies = (
				C9B4162929AB696800879A4B /* PBXTargetDependency */,
			);
			name = MyKinoTests;
			productName = MyKinoTests;
			productReference = C9B4162729AB696800879A4B /* MyKinoTests.xctest */;
			productType = "com.apple.product-type.bundle.unit-test";
		};
		C9B4163029AB696800879A4B /* MyKinoUITests */ = {
			isa = PBXNativeTarget;
			buildConfigurationList = C9B4164129AB696800879A4B /* Build configuration list for PBXNativeTarget "MyKinoUITests" */;
			buildPhases = (
				C9B4162D29AB696800879A4B /* Sources */,
				C9B4162E29AB696800879A4B /* Frameworks */,
				C9B4162F29AB696800879A4B /* Resources */,
			);
			buildRules = (
			);
			dependencies = (
				C9B4163329AB696800879A4B /* PBXTargetDependency */,
			);
			name = MyKinoUITests;
			productName = MyKinoUITests;
			productReference = C9B4163129AB696800879A4B /* MyKinoUITests.xctest */;
			productType = "com.apple.product-type.bundle.ui-testing";
		};
/* End PBXNativeTarget section */

/* Begin PBXProject section */
		C9B4160F29AB696600879A4B /* Project object */ = {
			isa = PBXProject;
			attributes = {
				BuildIndependentTargetsInParallel = 1;
				LastSwiftUpdateCheck = 1400;
				LastUpgradeCheck = 1400;
				TargetAttributes = {
					C9B4161629AB696600879A4B = {
						CreatedOnToolsVersion = 14.0;
					};
					C9B4162629AB696800879A4B = {
						CreatedOnToolsVersion = 14.0;
						TestTargetID = C9B4161629AB696600879A4B;
					};
					C9B4163029AB696800879A4B = {
						CreatedOnToolsVersion = 14.0;
						TestTargetID = C9B4161629AB696600879A4B;
					};
				};
			};
			buildConfigurationList = C9B4161229AB696600879A4B /* Build configuration list for PBXProject "MyKino" */;
			compatibilityVersion = "Xcode 14.0";
			developmentRegion = en;
			hasScannedForEncodings = 0;
			knownRegions = (
				en,
				Base,
			);
			mainGroup = C9B4160E29AB696600879A4B;
			productRefGroup = C9B4161829AB696600879A4B /* Products */;
			projectDirPath = "";
			projectRoot = "";
			targets = (
				C9B4161629AB696600879A4B /* MyKino */,
				C9B4162629AB696800879A4B /* MyKinoTests */,
				C9B4163029AB696800879A4B /* MyKinoUITests */,
			);
		};
/* End PBXProject section */

/* Begin PBXResourcesBuildPhase section */
		C9B4161529AB696600879A4B /* Resources */ = {
			isa = PBXResourcesBuildPhase;
			buildActionMask = 2147483647;
			files = (
				C9B4162229AB696700879A4B /* Preview Assets.xcassets in Resources */,
				C9B4161F29AB696700879A4B /* Assets.xcassets in Resources */,
			);
			runOnlyForDeploymentPostprocessing = 0;
		};
		C9B4162529AB696800879A4B /* Resources */ = {
			isa = PBXResourcesBuildPhase;
			buildActionMask = 2147483647;
			files = (
			);
			runOnlyForDeploymentPostprocessing = 0;
		};
		C9B4162F29AB696800879A4B /* Resources */ = {
			isa = PBXResourcesBuildPhase;
			buildActionMask = 2147483647;
			files = (
			);
			runOnlyForDeploymentPostprocessing = 0;
		};
/* End PBXResourcesBuildPhase section */

/* Begin PBXShellScriptBuildPhase section */
		C963657F29AC085F009ECD8B /* ShellScript */ = {
			isa = PBXShellScriptBuildPhase;
			buildActionMask = 2147483647;
			files = (
			);
			inputFileListPaths = (
			);
			inputPaths = (
			);
			outputFileListPaths = (
			);
			outputPaths = (
			);
			runOnlyForDeploymentPostprocessing = 0;
			shellPath = /bin/sh;
			shellScript = "# Type a script or drag a script file from your workspace to insert its path.\nexport PATH=\"$PATH:/opt/homebrew/bin\"\nif which swiftlint > /dev/null; then\n  swiftlint\nelse\n  echo \"warning: SwiftLint not installed, download from https://github.com/realm/SwiftLint\"\nfi\n";
		};
/* End PBXShellScriptBuildPhase section */

/* Begin PBXSourcesBuildPhase section */
		C9B4161329AB696600879A4B /* Sources */ = {
			isa = PBXSourcesBuildPhase;
			buildActionMask = 2147483647;
			files = (
				C9B4164B29ABCB0200879A4B /* MovieView.swift in Sources */,
				C9B4161D29AB696600879A4B /* ContentView.swift in Sources */,
				C9B4164529AB779700879A4B /* MoviesViewModel.swift in Sources */,
				C9B4164829AB77D500879A4B /* Movie.swift in Sources */,
				C9B4161B29AB696600879A4B /* MyKinoApp.swift in Sources */,
			);
			runOnlyForDeploymentPostprocessing = 0;
		};
		C9B4162329AB696800879A4B /* Sources */ = {
			isa = PBXSourcesBuildPhase;
			buildActionMask = 2147483647;
			files = (
				C9B4162C29AB696800879A4B /* MyKinoTests.swift in Sources */,
			);
			runOnlyForDeploymentPostprocessing = 0;
		};
		C9B4162D29AB696800879A4B /* Sources */ = {
			isa = PBXSourcesBuildPhase;
			buildActionMask = 2147483647;
			files = (
				C9B4163629AB696800879A4B /* MyKinoUITests.swift in Sources */,
				C9B4163829AB696800879A4B /* MyKinoUITestsLaunchTests.swift in Sources */,
			);
			runOnlyForDeploymentPostprocessing = 0;
		};
/* End PBXSourcesBuildPhase section */

/* Begin PBXTargetDependency section */
		C9B4162929AB696800879A4B /* PBXTargetDependency */ = {
			isa = PBXTargetDependency;
			target = C9B4161629AB696600879A4B /* MyKino */;
			targetProxy = C9B4162829AB696800879A4B /* PBXContainerItemProxy */;
		};
		C9B4163329AB696800879A4B /* PBXTargetDependency */ = {
			isa = PBXTargetDependency;
			target = C9B4161629AB696600879A4B /* MyKino */;
			targetProxy = C9B4163229AB696800879A4B /* PBXContainerItemProxy */;
		};
/* End PBXTargetDependency section */

/* Begin XCBuildConfiguration section */
		C9B4163929AB696800879A4B /* Debug */ = {
			isa = XCBuildConfiguration;
			buildSettings = {
				ALWAYS_SEARCH_USER_PATHS = NO;
				CLANG_ANALYZER_NONNULL = YES;
				CLANG_ANALYZER_NUMBER_OBJECT_CONVERSION = YES_AGGRESSIVE;
				CLANG_CXX_LANGUAGE_STANDARD = "gnu++20";
				CLANG_ENABLE_MODULES = YES;
				CLANG_ENABLE_OBJC_ARC = YES;
				CLANG_ENABLE_OBJC_WEAK = YES;
				CLANG_WARN_BLOCK_CAPTURE_AUTORELEASING = YES;
				CLANG_WARN_BOOL_CONVERSION = YES;
				CLANG_WARN_COMMA = YES;
				CLANG_WARN_CONSTANT_CONVERSION = YES;
				CLANG_WARN_DEPRECATED_OBJC_IMPLEMENTATIONS = YES;
				CLANG_WARN_DIRECT_OBJC_ISA_USAGE = YES_ERROR;
				CLANG_WARN_DOCUMENTATION_COMMENTS = YES;
				CLANG_WARN_EMPTY_BODY = YES;
				CLANG_WARN_ENUM_CONVERSION = YES;
				CLANG_WARN_INFINITE_RECURSION = YES;
				CLANG_WARN_INT_CONVERSION = YES;
				CLANG_WARN_NON_LITERAL_NULL_CONVERSION = YES;
				CLANG_WARN_OBJC_IMPLICIT_RETAIN_SELF = YES;
				CLANG_WARN_OBJC_LITERAL_CONVERSION = YES;
				CLANG_WARN_OBJC_ROOT_CLASS = YES_ERROR;
				CLANG_WARN_QUOTED_INCLUDE_IN_FRAMEWORK_HEADER = YES;
				CLANG_WARN_RANGE_LOOP_ANALYSIS = YES;
				CLANG_WARN_STRICT_PROTOTYPES = YES;
				CLANG_WARN_SUSPICIOUS_MOVE = YES;
				CLANG_WARN_UNGUARDED_AVAILABILITY = YES_AGGRESSIVE;
				CLANG_WARN_UNREACHABLE_CODE = YES;
				CLANG_WARN__DUPLICATE_METHOD_MATCH = YES;
				COPY_PHASE_STRIP = NO;
				DEBUG_INFORMATION_FORMAT = dwarf;
				ENABLE_STRICT_OBJC_MSGSEND = YES;
				ENABLE_TESTABILITY = YES;
				GCC_C_LANGUAGE_STANDARD = gnu11;
				GCC_DYNAMIC_NO_PIC = NO;
				GCC_NO_COMMON_BLOCKS = YES;
				GCC_OPTIMIZATION_LEVEL = 0;
				GCC_PREPROCESSOR_DEFINITIONS = (
					"DEBUG=1",
					"$(inherited)",
				);
				GCC_WARN_64_TO_32_BIT_CONVERSION = YES;
				GCC_WARN_ABOUT_RETURN_TYPE = YES_ERROR;
				GCC_WARN_UNDECLARED_SELECTOR = YES;
				GCC_WARN_UNINITIALIZED_AUTOS = YES_AGGRESSIVE;
				GCC_WARN_UNUSED_FUNCTION = YES;
				GCC_WARN_UNUSED_VARIABLE = YES;
				IPHONEOS_DEPLOYMENT_TARGET = 16.0;
				MTL_ENABLE_DEBUG_INFO = INCLUDE_SOURCE;
				MTL_FAST_MATH = YES;
				ONLY_ACTIVE_ARCH = YES;
				SDKROOT = iphoneos;
				SWIFT_ACTIVE_COMPILATION_CONDITIONS = DEBUG;
				SWIFT_OPTIMIZATION_LEVEL = "-Onone";
			};
			name = Debug;
		};
		C9B4163A29AB696800879A4B /* Release */ = {
			isa = XCBuildConfiguration;
			buildSettings = {
				ALWAYS_SEARCH_USER_PATHS = NO;
				CLANG_ANALYZER_NONNULL = YES;
				CLANG_ANALYZER_NUMBER_OBJECT_CONVERSION = YES_AGGRESSIVE;
				CLANG_CXX_LANGUAGE_STANDARD = "gnu++20";
				CLANG_ENABLE_MODULES = YES;
				CLANG_ENABLE_OBJC_ARC = YES;
				CLANG_ENABLE_OBJC_WEAK = YES;
				CLANG_WARN_BLOCK_CAPTURE_AUTORELEASING = YES;
				CLANG_WARN_BOOL_CONVERSION = YES;
				CLANG_WARN_COMMA = YES;
				CLANG_WARN_CONSTANT_CONVERSION = YES;
				CLANG_WARN_DEPRECATED_OBJC_IMPLEMENTATIONS = YES;
				CLANG_WARN_DIRECT_OBJC_ISA_USAGE = YES_ERROR;
				CLANG_WARN_DOCUMENTATION_COMMENTS = YES;
				CLANG_WARN_EMPTY_BODY = YES;
				CLANG_WARN_ENUM_CONVERSION = YES;
				CLANG_WARN_INFINITE_RECURSION = YES;
				CLANG_WARN_INT_CONVERSION = YES;
				CLANG_WARN_NON_LITERAL_NULL_CONVERSION = YES;
				CLANG_WARN_OBJC_IMPLICIT_RETAIN_SELF = YES;
				CLANG_WARN_OBJC_LITERAL_CONVERSION = YES;
				CLANG_WARN_OBJC_ROOT_CLASS = YES_ERROR;
				CLANG_WARN_QUOTED_INCLUDE_IN_FRAMEWORK_HEADER = YES;
				CLANG_WARN_RANGE_LOOP_ANALYSIS = YES;
				CLANG_WARN_STRICT_PROTOTYPES = YES;
				CLANG_WARN_SUSPICIOUS_MOVE = YES;
				CLANG_WARN_UNGUARDED_AVAILABILITY = YES_AGGRESSIVE;
				CLANG_WARN_UNREACHABLE_CODE = YES;
				CLANG_WARN__DUPLICATE_METHOD_MATCH = YES;
				COPY_PHASE_STRIP = NO;
				DEBUG_INFORMATION_FORMAT = "dwarf-with-dsym";
				ENABLE_NS_ASSERTIONS = NO;
				ENABLE_STRICT_OBJC_MSGSEND = YES;
				GCC_C_LANGUAGE_STANDARD = gnu11;
				GCC_NO_COMMON_BLOCKS = YES;
				GCC_WARN_64_TO_32_BIT_CONVERSION = YES;
				GCC_WARN_ABOUT_RETURN_TYPE = YES_ERROR;
				GCC_WARN_UNDECLARED_SELECTOR = YES;
				GCC_WARN_UNINITIALIZED_AUTOS = YES_AGGRESSIVE;
				GCC_WARN_UNUSED_FUNCTION = YES;
				GCC_WARN_UNUSED_VARIABLE = YES;
				IPHONEOS_DEPLOYMENT_TARGET = 16.0;
				MTL_ENABLE_DEBUG_INFO = NO;
				MTL_FAST_MATH = YES;
				SDKROOT = iphoneos;
				SWIFT_COMPILATION_MODE = wholemodule;
				SWIFT_OPTIMIZATION_LEVEL = "-O";
				VALIDATE_PRODUCT = YES;
			};
			name = Release;
		};
		C9B4163C29AB696800879A4B /* Debug */ = {
			isa = XCBuildConfiguration;
			buildSettings = {
				ASSETCATALOG_COMPILER_APPICON_NAME = AppIcon;
				ASSETCATALOG_COMPILER_GLOBAL_ACCENT_COLOR_NAME = AccentColor;
				CODE_SIGN_STYLE = Automatic;
				CURRENT_PROJECT_VERSION = 1;
				DEVELOPMENT_ASSET_PATHS = "\"MyKino/Preview Content\"";
				DEVELOPMENT_TEAM = ND9HCAXN4F;
				ENABLE_PREVIEWS = YES;
				GENERATE_INFOPLIST_FILE = YES;
				INFOPLIST_KEY_UIApplicationSceneManifest_Generation = YES;
				INFOPLIST_KEY_UIApplicationSupportsIndirectInputEvents = YES;
				INFOPLIST_KEY_UILaunchScreen_Generation = YES;
				INFOPLIST_KEY_UISupportedInterfaceOrientations_iPad = "UIInterfaceOrientationPortrait UIInterfaceOrientationPortraitUpsideDown UIInterfaceOrientationLandscapeLeft UIInterfaceOrientationLandscapeRight";
				INFOPLIST_KEY_UISupportedInterfaceOrientations_iPhone = "UIInterfaceOrientationPortrait UIInterfaceOrientationLandscapeLeft UIInterfaceOrientationLandscapeRight";
				LD_RUNPATH_SEARCH_PATHS = (
					"$(inherited)",
					"@executable_path/Frameworks",
				);
				MARKETING_VERSION = 1.0;
				PRODUCT_BUNDLE_IDENTIFIER = com.matt.MyKino;
				PRODUCT_NAME = "$(TARGET_NAME)";
				SWIFT_EMIT_LOC_STRINGS = YES;
				SWIFT_VERSION = 5.0;
				TARGETED_DEVICE_FAMILY = "1,2";
			};
			name = Debug;
		};
		C9B4163D29AB696800879A4B /* Release */ = {
			isa = XCBuildConfiguration;
			buildSettings = {
				ASSETCATALOG_COMPILER_APPICON_NAME = AppIcon;
				ASSETCATALOG_COMPILER_GLOBAL_ACCENT_COLOR_NAME = AccentColor;
				CODE_SIGN_STYLE = Automatic;
				CURRENT_PROJECT_VERSION = 1;
				DEVELOPMENT_ASSET_PATHS = "\"MyKino/Preview Content\"";
				DEVELOPMENT_TEAM = ND9HCAXN4F;
				ENABLE_PREVIEWS = YES;
				GENERATE_INFOPLIST_FILE = YES;
				INFOPLIST_KEY_UIApplicationSceneManifest_Generation = YES;
				INFOPLIST_KEY_UIApplicationSupportsIndirectInputEvents = YES;
				INFOPLIST_KEY_UILaunchScreen_Generation = YES;
				INFOPLIST_KEY_UISupportedInterfaceOrientations_iPad = "UIInterfaceOrientationPortrait UIInterfaceOrientationPortraitUpsideDown UIInterfaceOrientationLandscapeLeft UIInterfaceOrientationLandscapeRight";
				INFOPLIST_KEY_UISupportedInterfaceOrientations_iPhone = "UIInterfaceOrientationPortrait UIInterfaceOrientationLandscapeLeft UIInterfaceOrientationLandscapeRight";
				LD_RUNPATH_SEARCH_PATHS = (
					"$(inherited)",
					"@executable_path/Frameworks",
				);
				MARKETING_VERSION = 1.0;
				PRODUCT_BUNDLE_IDENTIFIER = com.matt.MyKino;
				PRODUCT_NAME = "$(TARGET_NAME)";
				SWIFT_EMIT_LOC_STRINGS = YES;
				SWIFT_VERSION = 5.0;
				TARGETED_DEVICE_FAMILY = "1,2";
			};
			name = Release;
		};
		C9B4163F29AB696800879A4B /* Debug */ = {
			isa = XCBuildConfiguration;
			buildSettings = {
				ALWAYS_EMBED_SWIFT_STANDARD_LIBRARIES = YES;
				BUNDLE_LOADER = "$(TEST_HOST)";
				CODE_SIGN_STYLE = Automatic;
				CURRENT_PROJECT_VERSION = 1;
				DEVELOPMENT_TEAM = ND9HCAXN4F;
				GENERATE_INFOPLIST_FILE = YES;
				IPHONEOS_DEPLOYMENT_TARGET = 16.0;
				MARKETING_VERSION = 1.0;
				PRODUCT_BUNDLE_IDENTIFIER = com.matt.MyKinoTests;
				PRODUCT_NAME = "$(TARGET_NAME)";
				SWIFT_EMIT_LOC_STRINGS = NO;
				SWIFT_VERSION = 5.0;
				TARGETED_DEVICE_FAMILY = "1,2";
				TEST_HOST = "$(BUILT_PRODUCTS_DIR)/MyKino.app/$(BUNDLE_EXECUTABLE_FOLDER_PATH)/MyKino";
			};
			name = Debug;
		};
		C9B4164029AB696800879A4B /* Release */ = {
			isa = XCBuildConfiguration;
			buildSettings = {
				ALWAYS_EMBED_SWIFT_STANDARD_LIBRARIES = YES;
				BUNDLE_LOADER = "$(TEST_HOST)";
				CODE_SIGN_STYLE = Automatic;
				CURRENT_PROJECT_VERSION = 1;
				DEVELOPMENT_TEAM = ND9HCAXN4F;
				GENERATE_INFOPLIST_FILE = YES;
				IPHONEOS_DEPLOYMENT_TARGET = 16.0;
				MARKETING_VERSION = 1.0;
				PRODUCT_BUNDLE_IDENTIFIER = com.matt.MyKinoTests;
				PRODUCT_NAME = "$(TARGET_NAME)";
				SWIFT_EMIT_LOC_STRINGS = NO;
				SWIFT_VERSION = 5.0;
				TARGETED_DEVICE_FAMILY = "1,2";
				TEST_HOST = "$(BUILT_PRODUCTS_DIR)/MyKino.app/$(BUNDLE_EXECUTABLE_FOLDER_PATH)/MyKino";
			};
			name = Release;
		};
		C9B4164229AB696800879A4B /* Debug */ = {
			isa = XCBuildConfiguration;
			buildSettings = {
				ALWAYS_EMBED_SWIFT_STANDARD_LIBRARIES = YES;
				CODE_SIGN_STYLE = Automatic;
				CURRENT_PROJECT_VERSION = 1;
				DEVELOPMENT_TEAM = ND9HCAXN4F;
				GENERATE_INFOPLIST_FILE = YES;
				MARKETING_VERSION = 1.0;
				PRODUCT_BUNDLE_IDENTIFIER = com.matt.MyKinoUITests;
				PRODUCT_NAME = "$(TARGET_NAME)";
				SWIFT_EMIT_LOC_STRINGS = NO;
				SWIFT_VERSION = 5.0;
				TARGETED_DEVICE_FAMILY = "1,2";
				TEST_TARGET_NAME = MyKino;
			};
			name = Debug;
		};
		C9B4164329AB696800879A4B /* Release */ = {
			isa = XCBuildConfiguration;
			buildSettings = {
				ALWAYS_EMBED_SWIFT_STANDARD_LIBRARIES = YES;
				CODE_SIGN_STYLE = Automatic;
				CURRENT_PROJECT_VERSION = 1;
				DEVELOPMENT_TEAM = ND9HCAXN4F;
				GENERATE_INFOPLIST_FILE = YES;
				MARKETING_VERSION = 1.0;
				PRODUCT_BUNDLE_IDENTIFIER = com.matt.MyKinoUITests;
				PRODUCT_NAME = "$(TARGET_NAME)";
				SWIFT_EMIT_LOC_STRINGS = NO;
				SWIFT_VERSION = 5.0;
				TARGETED_DEVICE_FAMILY = "1,2";
				TEST_TARGET_NAME = MyKino;
			};
			name = Release;
		};
/* End XCBuildConfiguration section */

/* Begin XCConfigurationList section */
		C9B4161229AB696600879A4B /* Build configuration list for PBXProject "MyKino" */ = {
			isa = XCConfigurationList;
			buildConfigurations = (
				C9B4163929AB696800879A4B /* Debug */,
				C9B4163A29AB696800879A4B /* Release */,
			);
			defaultConfigurationIsVisible = 0;
			defaultConfigurationName = Release;
		};
		C9B4163B29AB696800879A4B /* Build configuration list for PBXNativeTarget "MyKino" */ = {
			isa = XCConfigurationList;
			buildConfigurations = (
				C9B4163C29AB696800879A4B /* Debug */,
				C9B4163D29AB696800879A4B /* Release */,
			);
			defaultConfigurationIsVisible = 0;
			defaultConfigurationName = Release;
		};
		C9B4163E29AB696800879A4B /* Build configuration list for PBXNativeTarget "MyKinoTests" */ = {
			isa = XCConfigurationList;
			buildConfigurations = (
				C9B4163F29AB696800879A4B /* Debug */,
				C9B4164029AB696800879A4B /* Release */,
			);
			defaultConfigurationIsVisible = 0;
			defaultConfigurationName = Release;
		};
		C9B4164129AB696800879A4B /* Build configuration list for PBXNativeTarget "MyKinoUITests" */ = {
			isa = XCConfigurationList;
			buildConfigurations = (
				C9B4164229AB696800879A4B /* Debug */,
				C9B4164329AB696800879A4B /* Release */,
			);
			defaultConfigurationIsVisible = 0;
			defaultConfigurationName = Release;
		};
/* End XCConfigurationList section */
	};
	rootObject = C9B4160F29AB696600879A4B /* Project object */;
}
